
Microsoft Visual Studio Solution File, Format Version 12.00
# Visual Studio Version 17
VisualStudioVersion = 17.5.33516.290
MinimumVisualStudioVersion = 10.0.40219.1
Project("{8BC9CEB8-8B4A-11D0-8D11-00A0C91BC942}") = "StreamSpeed", "StreamSpeed.vcxproj", "{928AA25D-A59A-42D1-B254-F78BE6D4D007}"
EndProject
Global
	GlobalSection(SolutionConfigurationPlatforms) = preSolution
		Debug|x64 = Debug|x64
		Debug|x86 = Debug|x86
		Release|x64 = Release|x64
		Release|x86 = Release|x86
	EndGlobalSection
	GlobalSection(ProjectConfigurationPlatforms) = postSolution
		{928AA25D-A59A-42D1-B254-F78BE6D4D007}.Debug|x64.ActiveCfg = Debug|x64
		{928AA25D-A59A-42D1-B254-F78BE6D4D007}.Debug|x64.Build.0 = Debug|x64
		{928AA25D-A59A-42D1-B254-F78BE6D4D007}.Debug|x86.ActiveCfg = Debug|Win32
		{928AA25D-A59A-42D1-B254-F78BE6D4D007}.Debug|x86.Build.0 = Debug|Win32
		{928AA25D-A59A-42D1-B254-F78BE6D4D007}.Release|x64.ActiveCfg = Release|x64
		{928AA25D-A59A-42D1-B254-F78BE6D4D007}.Release|x64.Build.0 = Release|x64
		{928AA25D-A59A-42D1-B254-F78BE6D4D007}.Release|x86.ActiveCfg = Release|Win32
		{928AA25D-A59A-42D1-B254-F78BE6D4D007}.Release|x86.Build.0 = Release|Win32
	EndGlobalSection
	GlobalSection(SolutionProperties) = preSolution
		HideSolutionNode = FALSE
	EndGlobalSection
	GlobalSection(ExtensibilityGlobals) = postSolution
		SolutionGuid = {B09C4016-239E-4A44-9618-65B5D0B55142}
	EndGlobalSection
EndGlobal
